
Microsoft Visual Studio Solution File, Format Version 12.00
# Visual Studio Version 17
VisualStudioVersion = 17.2.32616.157
MinimumVisualStudioVersion = 10.0.40219.1
Project("{FAE04EC0-301F-11D3-BF4B-00C04F79EFBC}") = "n00033054app", "n00033054app\n00033054app.csproj", "{F6223465-2B4C-4B8F-AA4C-B4C8D5793D07}"
EndProject
Project("{FAE04EC0-301F-11D3-BF4B-00C04F79EFBC}") = "CuentaTest", "CuentaTest\CuentaTest.csproj", "{83E37267-0C4E-425D-A1F9-4A5B6F51A0FA}"
EndProject
Global
	GlobalSection(SolutionConfigurationPlatforms) = preSolution
		Debug|Any CPU = Debug|Any CPU
		Release|Any CPU = Release|Any CPU
	EndGlobalSection
	GlobalSection(ProjectConfigurationPlatforms) = postSolution
		{F6223465-2B4C-4B8F-AA4C-B4C8D5793D07}.Debug|Any CPU.ActiveCfg = Debug|Any CPU
		{F6223465-2B4C-4B8F-AA4C-B4C8D5793D07}.Debug|Any CPU.Build.0 = Debug|Any CPU
		{F6223465-2B4C-4B8F-AA4C-B4C8D5793D07}.Release|Any CPU.ActiveCfg = Release|Any CPU
		{F6223465-2B4C-4B8F-AA4C-B4C8D5793D07}.Release|Any CPU.Build.0 = Release|Any CPU
		{83E37267-0C4E-425D-A1F9-4A5B6F51A0FA}.Debug|Any CPU.ActiveCfg = Debug|Any CPU
		{83E37267-0C4E-425D-A1F9-4A5B6F51A0FA}.Debug|Any CPU.Build.0 = Debug|Any CPU
		{83E37267-0C4E-425D-A1F9-4A5B6F51A0FA}.Release|Any CPU.ActiveCfg = Release|Any CPU
		{83E37267-0C4E-425D-A1F9-4A5B6F51A0FA}.Release|Any CPU.Build.0 = Release|Any CPU
	EndGlobalSection
	GlobalSection(SolutionProperties) = preSolution
		HideSolutionNode = FALSE
	EndGlobalSection
	GlobalSection(ExtensibilityGlobals) = postSolution
		SolutionGuid = {EC898761-78FD-4F8B-A5B7-1E16DBF5D3A9}
	EndGlobalSection
EndGlobal
